
Microsoft Visual Studio Solution File, Format Version 12.00
# Visual Studio Version 17
VisualStudioVersion = 17.8.34330.188
MinimumVisualStudioVersion = 10.0.40219.1
Project("{FAE04EC0-301F-11D3-BF4B-00C04F79EFBC}") = "ReplaceSubstring", "ReplaceSubstring.csproj", "{86CB70A3-64E7-40B5-BE1A-5D774B5678FF}"
EndProject
Global
	GlobalSection(SolutionConfigurationPlatforms) = preSolution
		Debug|Any CPU = Debug|Any CPU
		Release|Any CPU = Release|Any CPU
	EndGlobalSection
	GlobalSection(ProjectConfigurationPlatforms) = postSolution
		{86CB70A3-64E7-40B5-BE1A-5D774B5678FF}.Debug|Any CPU.ActiveCfg = Debug|Any CPU
		{86CB70A3-64E7-40B5-BE1A-5D774B5678FF}.Debug|Any CPU.Build.0 = Debug|Any CPU
		{86CB70A3-64E7-40B5-BE1A-5D774B5678FF}.Release|Any CPU.ActiveCfg = Release|Any CPU
		{86CB70A3-64E7-40B5-BE1A-5D774B5678FF}.Release|Any CPU.Build.0 = Release|Any CPU
	EndGlobalSection
	GlobalSection(SolutionProperties) = preSolution
		HideSolutionNode = FALSE
	EndGlobalSection
	GlobalSection(ExtensibilityGlobals) = postSolution
		SolutionGuid = {084A8DF0-FB2A-40A6-B488-3CAF51D92E1D}
	EndGlobalSection
EndGlobal
