
Microsoft Visual Studio Solution File, Format Version 12.00
# Visual Studio Version 17
VisualStudioVersion = 17.8.34330.188
MinimumVisualStudioVersion = 10.0.40219.1
Project("{FAE04EC0-301F-11D3-BF4B-00C04F79EFBC}") = "LibraryApp", "LibraryApp.csproj", "{4990CEDF-0EA9-482C-BAE3-2FEAFF9F21F9}"
EndProject
Global
	GlobalSection(SolutionConfigurationPlatforms) = preSolution
		Debug|Any CPU = Debug|Any CPU
		Release|Any CPU = Release|Any CPU
	EndGlobalSection
	GlobalSection(ProjectConfigurationPlatforms) = postSolution
		{4990CEDF-0EA9-482C-BAE3-2FEAFF9F21F9}.Debug|Any CPU.ActiveCfg = Debug|Any CPU
		{4990CEDF-0EA9-482C-BAE3-2FEAFF9F21F9}.Debug|Any CPU.Build.0 = Debug|Any CPU
		{4990CEDF-0EA9-482C-BAE3-2FEAFF9F21F9}.Release|Any CPU.ActiveCfg = Release|Any CPU
		{4990CEDF-0EA9-482C-BAE3-2FEAFF9F21F9}.Release|Any CPU.Build.0 = Release|Any CPU
	EndGlobalSection
	GlobalSection(SolutionProperties) = preSolution
		HideSolutionNode = FALSE
	EndGlobalSection
	GlobalSection(ExtensibilityGlobals) = postSolution
		SolutionGuid = {64BE4104-D0DB-4BA3-A9FC-5DB0985BC2CA}
	EndGlobalSection
EndGlobal
